
Microsoft Visual Studio Solution File, Format Version 12.00
# Visual Studio 15
VisualStudioVersion = 15.0.28307.136
MinimumVisualStudioVersion = 10.0.40219.1
Project("{FAE04EC0-301F-11D3-BF4B-00C04F79EFBC}") = "UnityIocExample", "UnityIocExample\UnityIocExample.csproj", "{D9512E36-C9B9-42DD-87EE-F14856073E04}"
EndProject
Global
	GlobalSection(SolutionConfigurationPlatforms) = preSolution
		Debug|Any CPU = Debug|Any CPU
		Release|Any CPU = Release|Any CPU
	EndGlobalSection
	GlobalSection(ProjectConfigurationPlatforms) = postSolution
		{D9512E36-C9B9-42DD-87EE-F14856073E04}.Debug|Any CPU.ActiveCfg = Debug|Any CPU
		{D9512E36-C9B9-42DD-87EE-F14856073E04}.Debug|Any CPU.Build.0 = Debug|Any CPU
		{D9512E36-C9B9-42DD-87EE-F14856073E04}.Release|Any CPU.ActiveCfg = Release|Any CPU
		{D9512E36-C9B9-42DD-87EE-F14856073E04}.Release|Any CPU.Build.0 = Release|Any CPU
	EndGlobalSection
	GlobalSection(SolutionProperties) = preSolution
		HideSolutionNode = FALSE
	EndGlobalSection
	GlobalSection(ExtensibilityGlobals) = postSolution
		SolutionGuid = {CCDE15D5-7FC0-4A37-9CAA-A74A15D91B91}
	EndGlobalSection
EndGlobal
